
Microsoft Visual Studio Solution File, Format Version 12.00
# Visual Studio Version 17
VisualStudioVersion = 17.0.31903.59
MinimumVisualStudioVersion = 10.0.40219.1
Project("{2150E333-8FDC-42A3-9474-1A3956D46DE8}") = "src", "src", "{5B62C7FA-99D5-48CC-AA66-59B9FF8A1032}"
EndProject
Project("{FAE04EC0-301F-11D3-BF4B-00C04F79EFBC}") = "Library", "src\Library\Library.csproj", "{74591DF2-C366-48B6-A84B-1044FB663190}"
EndProject
Project("{FAE04EC0-301F-11D3-BF4B-00C04F79EFBC}") = "Program", "src\Program\Program.csproj", "{8546F90D-BBB1-411B-BF0A-64B71A7BB5C3}"
EndProject
Project("{2150E333-8FDC-42A3-9474-1A3956D46DE8}") = "test", "test", "{619A9414-82EC-40F6-9094-150810D3099D}"
EndProject
Project("{FAE04EC0-301F-11D3-BF4B-00C04F79EFBC}") = "Library.Tests", "test\Library.Tests\Library.Tests.csproj", "{52F2A42F-4DF0-4699-8601-0B400ABF70EC}"
EndProject
Global
	GlobalSection(SolutionConfigurationPlatforms) = preSolution
		Debug|Any CPU = Debug|Any CPU
		Release|Any CPU = Release|Any CPU
	EndGlobalSection
	GlobalSection(SolutionProperties) = preSolution
		HideSolutionNode = FALSE
	EndGlobalSection
	GlobalSection(ProjectConfigurationPlatforms) = postSolution
		{74591DF2-C366-48B6-A84B-1044FB663190}.Debug|Any CPU.ActiveCfg = Debug|Any CPU
		{74591DF2-C366-48B6-A84B-1044FB663190}.Debug|Any CPU.Build.0 = Debug|Any CPU
		{74591DF2-C366-48B6-A84B-1044FB663190}.Release|Any CPU.ActiveCfg = Release|Any CPU
		{74591DF2-C366-48B6-A84B-1044FB663190}.Release|Any CPU.Build.0 = Release|Any CPU
		{8546F90D-BBB1-411B-BF0A-64B71A7BB5C3}.Debug|Any CPU.ActiveCfg = Debug|Any CPU
		{8546F90D-BBB1-411B-BF0A-64B71A7BB5C3}.Debug|Any CPU.Build.0 = Debug|Any CPU
		{8546F90D-BBB1-411B-BF0A-64B71A7BB5C3}.Release|Any CPU.ActiveCfg = Release|Any CPU
		{8546F90D-BBB1-411B-BF0A-64B71A7BB5C3}.Release|Any CPU.Build.0 = Release|Any CPU
		{52F2A42F-4DF0-4699-8601-0B400ABF70EC}.Debug|Any CPU.ActiveCfg = Debug|Any CPU
		{52F2A42F-4DF0-4699-8601-0B400ABF70EC}.Debug|Any CPU.Build.0 = Debug|Any CPU
		{52F2A42F-4DF0-4699-8601-0B400ABF70EC}.Release|Any CPU.ActiveCfg = Release|Any CPU
		{52F2A42F-4DF0-4699-8601-0B400ABF70EC}.Release|Any CPU.Build.0 = Release|Any CPU
	EndGlobalSection
	GlobalSection(NestedProjects) = preSolution
		{74591DF2-C366-48B6-A84B-1044FB663190} = {5B62C7FA-99D5-48CC-AA66-59B9FF8A1032}
		{8546F90D-BBB1-411B-BF0A-64B71A7BB5C3} = {5B62C7FA-99D5-48CC-AA66-59B9FF8A1032}
		{52F2A42F-4DF0-4699-8601-0B400ABF70EC} = {619A9414-82EC-40F6-9094-150810D3099D}
	EndGlobalSection
EndGlobal
